
Microsoft Visual Studio Solution File, Format Version 12.00
# Visual Studio 14
VisualStudioVersion = 14.0.25420.1
MinimumVisualStudioVersion = 10.0.40219.1
Project("{FAE04EC0-301F-11D3-BF4B-00C04F79EFBC}") = "UsersBussinessSide", "UsersBussinessSide\UsersBussinessSide.csproj", "{5EAEC306-10FE-4548-83E9-FB65E5B8C2DF}"
EndProject
Global
	GlobalSection(SolutionConfigurationPlatforms) = preSolution
		Debug|Any CPU = Debug|Any CPU
		Release|Any CPU = Release|Any CPU
	EndGlobalSection
	GlobalSection(ProjectConfigurationPlatforms) = postSolution
		{5EAEC306-10FE-4548-83E9-FB65E5B8C2DF}.Debug|Any CPU.ActiveCfg = Debug|Any CPU
		{5EAEC306-10FE-4548-83E9-FB65E5B8C2DF}.Debug|Any CPU.Build.0 = Debug|Any CPU
		{5EAEC306-10FE-4548-83E9-FB65E5B8C2DF}.Release|Any CPU.ActiveCfg = Release|Any CPU
		{5EAEC306-10FE-4548-83E9-FB65E5B8C2DF}.Release|Any CPU.Build.0 = Release|Any CPU
	EndGlobalSection
	GlobalSection(SolutionProperties) = preSolution
		HideSolutionNode = FALSE
	EndGlobalSection
EndGlobal
